
Microsoft Visual Studio Solution File, Format Version 12.00
# Visual Studio Version 16
VisualStudioVersion = 16.0.31911.196
MinimumVisualStudioVersion = 10.0.40219.1
Project("{8BC9CEB8-8B4A-11D0-8D11-00A0C91BC942}") = "GitYaroslav", "GitYaroslav.vcxproj", "{01A286DF-0BD7-40E3-B096-21B598C57B67}"
EndProject
Global
	GlobalSection(SolutionConfigurationPlatforms) = preSolution
		Debug|x64 = Debug|x64
		Debug|x86 = Debug|x86
		Release|x64 = Release|x64
		Release|x86 = Release|x86
	EndGlobalSection
	GlobalSection(ProjectConfigurationPlatforms) = postSolution
		{01A286DF-0BD7-40E3-B096-21B598C57B67}.Debug|x64.ActiveCfg = Debug|x64
		{01A286DF-0BD7-40E3-B096-21B598C57B67}.Debug|x64.Build.0 = Debug|x64
		{01A286DF-0BD7-40E3-B096-21B598C57B67}.Debug|x86.ActiveCfg = Debug|Win32
		{01A286DF-0BD7-40E3-B096-21B598C57B67}.Debug|x86.Build.0 = Debug|Win32
		{01A286DF-0BD7-40E3-B096-21B598C57B67}.Release|x64.ActiveCfg = Release|x64
		{01A286DF-0BD7-40E3-B096-21B598C57B67}.Release|x64.Build.0 = Release|x64
		{01A286DF-0BD7-40E3-B096-21B598C57B67}.Release|x86.ActiveCfg = Release|Win32
		{01A286DF-0BD7-40E3-B096-21B598C57B67}.Release|x86.Build.0 = Release|Win32
	EndGlobalSection
	GlobalSection(SolutionProperties) = preSolution
		HideSolutionNode = FALSE
	EndGlobalSection
	GlobalSection(ExtensibilityGlobals) = postSolution
		SolutionGuid = {B05AEAAA-71B5-4CF6-83CB-05E28E884B73}
	EndGlobalSection
EndGlobal
